PODS:
  - AFNetworking (2.5.1):
    - AFNetworking/NSURLConnection (= 2.5.1)
    - AFNetworking/NSURLSession (= 2.5.1)
    - AFNetworking/Reachability (= 2.5.1)
    - AFNetworking/Security (= 2.5.1)
    - AFNetworking/Serialization (= 2.5.1)
    - AFNetworking/UIKit (= 2.5.1)
  - AFNetworking/NSURLConnection (2.5.1):
    - AFNetworking/Reachability
    - AFNetworking/Security
    - AFNetworking/Serialization
  - AFNetworking/NSURLSession (2.5.1):
    - AFNetworking/Reachability
    - AFNetworking/Security
    - AFNetworking/Serialization
  - AFNetworking/Reachability (2.5.1)
  - AFNetworking/Security (2.5.1)
  - AFNetworking/Serialization (2.5.1)
  - AFNetworking/UIKit (2.5.1):
    - AFNetworking/NSURLConnection
    - AFNetworking/NSURLSession
  - EGOCache (2.1)
  - FCFileManager (1.0.7)
  - FSImageViewer (2.6.3):
    - AFNetworking (~> 2.2)
    - EGOCache (~> 2.0)

DEPENDENCIES:
  - AFNetworking (~> 2.0)
  - FCFileManager (~> 1.0.6)
  - FSImageViewer (from `https://github.com/muzix/FSImageViewer.git`)

EXTERNAL SOURCES:
  FSImageViewer:
    :git: https://github.com/muzix/FSImageViewer.git

CHECKOUT OPTIONS:
  FSImageViewer:
    :commit: 84f552cbe4c491fcf664d055f9f19899e4913b25
    :git: https://github.com/muzix/FSImageViewer.git

SPEC CHECKSUMS:
  AFNetworking: 10e85a00bb0f475124e4ff2677bf15693b2c1523
  EGOCache: d20ba0673fd747c15a3b73a9218d844350b156ba
  FCFileManager: fd77211e8448b0e9713d51d4f75769d9dc4ceb58
  FSImageViewer: b8dafe340d43c72548a694c0e3ac1daec68e82ad

COCOAPODS: 0.36.0
