PODS:
  - AFNetworking (2.5.1):
    - AFNetworking/NSURLConnection (= 2.5.1)
    - AFNetworking/NSURLSession (= 2.5.1)
    - AFNetworking/Reachability (= 2.5.1)
    - AFNetworking/Security (= 2.5.1)
    - AFNetworking/Serialization (= 2.5.1)
    - AFNetworking/UIKit (= 2.5.1)
  - AFNetworking/NSURLConnection (2.5.1):
    - AFNetworking/Reachability
    - AFNetworking/Security
    - AFNetworking/Serialization
  - AFNetworking/NSURLSession (2.5.1):
    - AFNetworking/Reachability
    - AFNetworking/Security
    - AFNetworking/Serialization
  - AFNetworking/Reachability (2.5.1)
  - AFNetworking/Security (2.5.1)
  - AFNetworking/Serialization (2.5.1)
  - AFNetworking/UIKit (2.5.1):
    - AFNetworking/NSURLConnection
    - AFNetworking/NSURLSession
  - EGOCache (2.1)
  - FCFileManager (1.0.7)
  - FSImageViewer (2.6.3):
    - AFNetworking (~> 2.2)
    - EGOCache (~> 2.0)

DEPENDENCIES:
  - AFNetworking (~> 2.0)
  - FCFileManager (~> 1.0.6)
  - FSImageViewer (from `https://github.com/muzix/FSImageViewer.git`)

EXTERNAL SOURCES:
  FSImageViewer:
    :git: https://github.com/muzix/FSImageViewer.git

CHECKOUT OPTIONS:
  FSImageViewer:
    :commit: 84f552cbe4c491fcf664d055f9f19899e4913b25
    :git: https://github.com/muzix/FSImageViewer.git

SPEC CHECKSUMS:
  AFNetworking: 8bee59492a6ff15d69130efa4d0dc67e0094a52a
  EGOCache: bf414333c425fe47f5182351d1dd47ebf72d8352
  FCFileManager: 5c46704afcc14dd7616e8b8b9c2ba79b14f7f800
  FSImageViewer: b8dafe340d43c72548a694c0e3ac1daec68e82ad

COCOAPODS: 0.36.0.beta.2
